
Microsoft Visual Studio Solution File, Format Version 12.00
# Visual Studio Version 16
VisualStudioVersion = 16.0.31105.61
MinimumVisualStudioVersion = 10.0.40219.1
Project("{9A19103F-16F7-4668-BE54-9A1E7A4F7556}") = "Servicios.API.Libreria", "Servicios.API.Libreria\Servicios.API.Libreria.csproj", "{F15ED816-A020-4435-A3DE-065278A39469}"
EndProject
Project("{9A19103F-16F7-4668-BE54-9A1E7A4F7556}") = "Servicios.API.Seguridad", "Servicios.API.Seguridad\Servicios.API.Seguridad.csproj", "{26422786-BFAA-4D5D-89B1-06DA2C316BA9}"
EndProject
Project("{FAE04EC0-301F-11D3-BF4B-00C04F79EFBC}") = "Seguridad.api.Gateway", "Seguridad.api.Gateway\Seguridad.api.Gateway.csproj", "{CF9A6B49-1984-4C5C-8A08-BB89154080B7}"
EndProject
Global
	GlobalSection(SolutionConfigurationPlatforms) = preSolution
		Debug|Any CPU = Debug|Any CPU
		Release|Any CPU = Release|Any CPU
	EndGlobalSection
	GlobalSection(ProjectConfigurationPlatforms) = postSolution
		{F15ED816-A020-4435-A3DE-065278A39469}.Debug|Any CPU.ActiveCfg = Debug|Any CPU
		{F15ED816-A020-4435-A3DE-065278A39469}.Debug|Any CPU.Build.0 = Debug|Any CPU
		{F15ED816-A020-4435-A3DE-065278A39469}.Release|Any CPU.ActiveCfg = Release|Any CPU
		{F15ED816-A020-4435-A3DE-065278A39469}.Release|Any CPU.Build.0 = Release|Any CPU
		{26422786-BFAA-4D5D-89B1-06DA2C316BA9}.Debug|Any CPU.ActiveCfg = Debug|Any CPU
		{26422786-BFAA-4D5D-89B1-06DA2C316BA9}.Debug|Any CPU.Build.0 = Debug|Any CPU
		{26422786-BFAA-4D5D-89B1-06DA2C316BA9}.Release|Any CPU.ActiveCfg = Release|Any CPU
		{26422786-BFAA-4D5D-89B1-06DA2C316BA9}.Release|Any CPU.Build.0 = Release|Any CPU
		{CF9A6B49-1984-4C5C-8A08-BB89154080B7}.Debug|Any CPU.ActiveCfg = Debug|Any CPU
		{CF9A6B49-1984-4C5C-8A08-BB89154080B7}.Debug|Any CPU.Build.0 = Debug|Any CPU
		{CF9A6B49-1984-4C5C-8A08-BB89154080B7}.Release|Any CPU.ActiveCfg = Release|Any CPU
		{CF9A6B49-1984-4C5C-8A08-BB89154080B7}.Release|Any CPU.Build.0 = Release|Any CPU
	EndGlobalSection
	GlobalSection(SolutionProperties) = preSolution
		HideSolutionNode = FALSE
	EndGlobalSection
	GlobalSection(ExtensibilityGlobals) = postSolution
		SolutionGuid = {0BD6879D-3530-4C01-81A5-B9BDD56574CF}
	EndGlobalSection
EndGlobal
